
Microsoft Visual Studio Solution File, Format Version 12.00
# Visual Studio Version 17
VisualStudioVersion = 17.4.33213.308
MinimumVisualStudioVersion = 10.0.40219.1
Project("{9A19103F-16F7-4668-BE54-9A1E7A4F7556}") = "RabbitMQ.Publisher", "RabbitMQ.Publisher\RabbitMQ.Publisher.csproj", "{D0B2AF31-0495-4A7C-A5EB-847BA5AFD771}"
EndProject
Project("{9A19103F-16F7-4668-BE54-9A1E7A4F7556}") = "RabbitMQ.Consumer", "RabbitMQ.Consumer\RabbitMQ.Consumer.csproj", "{911C89BC-9E98-4BD5-A435-46D551B4C36C}"
EndProject
Project("{9A19103F-16F7-4668-BE54-9A1E7A4F7556}") = "FanoutExchange.Consumer", "FanoutExchange.Consumer\FanoutExchange.Consumer.csproj", "{49993E84-C90F-4604-9EFB-A845D206A910}"
EndProject
Project("{9A19103F-16F7-4668-BE54-9A1E7A4F7556}") = "FanoutExchange.Publisher", "FanoutExchange.Publisher\FanoutExchange.Publisher.csproj", "{D91A2F9F-43D6-45FA-A6AD-F142959252BD}"
EndProject
Project("{9A19103F-16F7-4668-BE54-9A1E7A4F7556}") = "TopicExchange.Consumer", "TopicExchange.Consumer\TopicExchange.Consumer.csproj", "{1853DF48-0CB4-44C8-AB51-8B9B312F1681}"
EndProject
Project("{9A19103F-16F7-4668-BE54-9A1E7A4F7556}") = "TopicExchange.Publisher", "TopicExchange.Publisher\TopicExchange.Publisher.csproj", "{36B12CE3-208A-4597-9DA5-548E3A309AE6}"
EndProject
Project("{9A19103F-16F7-4668-BE54-9A1E7A4F7556}") = "HeaderExchange.Consumer", "HeaderExchange.Consumer\HeaderExchange.Consumer.csproj", "{CC62DF0C-4C48-4B2B-BA19-7462B64A85D6}"
EndProject
Project("{9A19103F-16F7-4668-BE54-9A1E7A4F7556}") = "HeaderExchange.Publisher", "HeaderExchange.Publisher\HeaderExchange.Publisher.csproj", "{F55940A9-CFF7-44A9-9C2E-034F356CD3DF}"
EndProject
Project("{9A19103F-16F7-4668-BE54-9A1E7A4F7556}") = "RabbitMQ.MessageTemplates.Publisher", "RabbitMQ.MessageTemplates.Publisher\RabbitMQ.MessageTemplates.Publisher.csproj", "{F3808AF0-BAE7-404C-AC5F-F379275BF365}"
EndProject
Project("{9A19103F-16F7-4668-BE54-9A1E7A4F7556}") = "RabbitMQ.MessageTemplates.Consumer", "RabbitMQ.MessageTemplates.Consumer\RabbitMQ.MessageTemplates.Consumer.csproj", "{9F16B987-75EE-4159-A29F-4C640D0ECC6E}"
EndProject
Project("{FAE04EC0-301F-11D3-BF4B-00C04F79EFBC}") = "RabbitMQ.ESB.MassTransit.Consumer", "RabbitMQ.ESB.MassTransit.Consumer\RabbitMQ.ESB.MassTransit.Consumer.csproj", "{F23A4A79-4ABA-4076-ADDF-5A1E886B4FB1}"
EndProject
Project("{FAE04EC0-301F-11D3-BF4B-00C04F79EFBC}") = "RabbitMQ.ESB.MassTransit.Publisher", "RabbitMQ.ESB.MassTransit.Publisher\RabbitMQ.ESB.MassTransit.Publisher.csproj", "{6A532810-2A3C-414B-B796-7C19BE490946}"
EndProject
Project("{FAE04EC0-301F-11D3-BF4B-00C04F79EFBC}") = "RabbitMQ.ESB.MassTransit.Shared", "ClassLibrary1\RabbitMQ.ESB.MassTransit.Shared.csproj", "{38077344-8DD2-492B-9FFA-2764B8729652}"
EndProject
Global
	GlobalSection(SolutionConfigurationPlatforms) = preSolution
		Debug|Any CPU = Debug|Any CPU
		Release|Any CPU = Release|Any CPU
	EndGlobalSection
	GlobalSection(ProjectConfigurationPlatforms) = postSolution
		{D0B2AF31-0495-4A7C-A5EB-847BA5AFD771}.Debug|Any CPU.ActiveCfg = Debug|Any CPU
		{D0B2AF31-0495-4A7C-A5EB-847BA5AFD771}.Debug|Any CPU.Build.0 = Debug|Any CPU
		{D0B2AF31-0495-4A7C-A5EB-847BA5AFD771}.Release|Any CPU.ActiveCfg = Release|Any CPU
		{D0B2AF31-0495-4A7C-A5EB-847BA5AFD771}.Release|Any CPU.Build.0 = Release|Any CPU
		{911C89BC-9E98-4BD5-A435-46D551B4C36C}.Debug|Any CPU.ActiveCfg = Debug|Any CPU
		{911C89BC-9E98-4BD5-A435-46D551B4C36C}.Debug|Any CPU.Build.0 = Debug|Any CPU
		{911C89BC-9E98-4BD5-A435-46D551B4C36C}.Release|Any CPU.ActiveCfg = Release|Any CPU
		{911C89BC-9E98-4BD5-A435-46D551B4C36C}.Release|Any CPU.Build.0 = Release|Any CPU
		{49993E84-C90F-4604-9EFB-A845D206A910}.Debug|Any CPU.ActiveCfg = Debug|Any CPU
		{49993E84-C90F-4604-9EFB-A845D206A910}.Debug|Any CPU.Build.0 = Debug|Any CPU
		{49993E84-C90F-4604-9EFB-A845D206A910}.Release|Any CPU.ActiveCfg = Release|Any CPU
		{49993E84-C90F-4604-9EFB-A845D206A910}.Release|Any CPU.Build.0 = Release|Any CPU
		{D91A2F9F-43D6-45FA-A6AD-F142959252BD}.Debug|Any CPU.ActiveCfg = Debug|Any CPU
		{D91A2F9F-43D6-45FA-A6AD-F142959252BD}.Debug|Any CPU.Build.0 = Debug|Any CPU
		{D91A2F9F-43D6-45FA-A6AD-F142959252BD}.Release|Any CPU.ActiveCfg = Release|Any CPU
		{D91A2F9F-43D6-45FA-A6AD-F142959252BD}.Release|Any CPU.Build.0 = Release|Any CPU
		{1853DF48-0CB4-44C8-AB51-8B9B312F1681}.Debug|Any CPU.ActiveCfg = Debug|Any CPU
		{1853DF48-0CB4-44C8-AB51-8B9B312F1681}.Debug|Any CPU.Build.0 = Debug|Any CPU
		{1853DF48-0CB4-44C8-AB51-8B9B312F1681}.Release|Any CPU.ActiveCfg = Release|Any CPU
		{1853DF48-0CB4-44C8-AB51-8B9B312F1681}.Release|Any CPU.Build.0 = Release|Any CPU
		{36B12CE3-208A-4597-9DA5-548E3A309AE6}.Debug|Any CPU.ActiveCfg = Debug|Any CPU
		{36B12CE3-208A-4597-9DA5-548E3A309AE6}.Debug|Any CPU.Build.0 = Debug|Any CPU
		{36B12CE3-208A-4597-9DA5-548E3A309AE6}.Release|Any CPU.ActiveCfg = Release|Any CPU
		{36B12CE3-208A-4597-9DA5-548E3A309AE6}.Release|Any CPU.Build.0 = Release|Any CPU
		{CC62DF0C-4C48-4B2B-BA19-7462B64A85D6}.Debug|Any CPU.ActiveCfg = Debug|Any CPU
		{CC62DF0C-4C48-4B2B-BA19-7462B64A85D6}.Debug|Any CPU.Build.0 = Debug|Any CPU
		{CC62DF0C-4C48-4B2B-BA19-7462B64A85D6}.Release|Any CPU.ActiveCfg = Release|Any CPU
		{CC62DF0C-4C48-4B2B-BA19-7462B64A85D6}.Release|Any CPU.Build.0 = Release|Any CPU
		{F55940A9-CFF7-44A9-9C2E-034F356CD3DF}.Debug|Any CPU.ActiveCfg = Debug|Any CPU
		{F55940A9-CFF7-44A9-9C2E-034F356CD3DF}.Debug|Any CPU.Build.0 = Debug|Any CPU
		{F55940A9-CFF7-44A9-9C2E-034F356CD3DF}.Release|Any CPU.ActiveCfg = Release|Any CPU
		{F55940A9-CFF7-44A9-9C2E-034F356CD3DF}.Release|Any CPU.Build.0 = Release|Any CPU
		{F3808AF0-BAE7-404C-AC5F-F379275BF365}.Debug|Any CPU.ActiveCfg = Debug|Any CPU
		{F3808AF0-BAE7-404C-AC5F-F379275BF365}.Debug|Any CPU.Build.0 = Debug|Any CPU
		{F3808AF0-BAE7-404C-AC5F-F379275BF365}.Release|Any CPU.ActiveCfg = Release|Any CPU
		{F3808AF0-BAE7-404C-AC5F-F379275BF365}.Release|Any CPU.Build.0 = Release|Any CPU
		{9F16B987-75EE-4159-A29F-4C640D0ECC6E}.Debug|Any CPU.ActiveCfg = Debug|Any CPU
		{9F16B987-75EE-4159-A29F-4C640D0ECC6E}.Debug|Any CPU.Build.0 = Debug|Any CPU
		{9F16B987-75EE-4159-A29F-4C640D0ECC6E}.Release|Any CPU.ActiveCfg = Release|Any CPU
		{9F16B987-75EE-4159-A29F-4C640D0ECC6E}.Release|Any CPU.Build.0 = Release|Any CPU
		{F23A4A79-4ABA-4076-ADDF-5A1E886B4FB1}.Debug|Any CPU.ActiveCfg = Debug|Any CPU
		{F23A4A79-4ABA-4076-ADDF-5A1E886B4FB1}.Debug|Any CPU.Build.0 = Debug|Any CPU
		{F23A4A79-4ABA-4076-ADDF-5A1E886B4FB1}.Release|Any CPU.ActiveCfg = Release|Any CPU
		{F23A4A79-4ABA-4076-ADDF-5A1E886B4FB1}.Release|Any CPU.Build.0 = Release|Any CPU
		{6A532810-2A3C-414B-B796-7C19BE490946}.Debug|Any CPU.ActiveCfg = Debug|Any CPU
		{6A532810-2A3C-414B-B796-7C19BE490946}.Debug|Any CPU.Build.0 = Debug|Any CPU
		{6A532810-2A3C-414B-B796-7C19BE490946}.Release|Any CPU.ActiveCfg = Release|Any CPU
		{6A532810-2A3C-414B-B796-7C19BE490946}.Release|Any CPU.Build.0 = Release|Any CPU
		{38077344-8DD2-492B-9FFA-2764B8729652}.Debug|Any CPU.ActiveCfg = Debug|Any CPU
		{38077344-8DD2-492B-9FFA-2764B8729652}.Debug|Any CPU.Build.0 = Debug|Any CPU
		{38077344-8DD2-492B-9FFA-2764B8729652}.Release|Any CPU.ActiveCfg = Release|Any CPU
		{38077344-8DD2-492B-9FFA-2764B8729652}.Release|Any CPU.Build.0 = Release|Any CPU
	EndGlobalSection
	GlobalSection(SolutionProperties) = preSolution
		HideSolutionNode = FALSE
	EndGlobalSection
	GlobalSection(ExtensibilityGlobals) = postSolution
		SolutionGuid = {09610D61-8B9C-4B78-B0EF-9CD1456FB0D1}
	EndGlobalSection
EndGlobal
